
Microsoft Visual Studio Solution File, Format Version 12.00
# Visual Studio Version 17
VisualStudioVersion = 17.5.33516.290
MinimumVisualStudioVersion = 10.0.40219.1
Project("{FAE04EC0-301F-11D3-BF4B-00C04F79EFBC}") = "WebCodeQL", "WebCodeQL\WebCodeQL.csproj", "{F529686B-DA1B-41AE-AEBE-D40DF99CF9EB}"
EndProject
Global
	GlobalSection(SolutionConfigurationPlatforms) = preSolution
		Debug|Any CPU = Debug|Any CPU
		Release|Any CPU = Release|Any CPU
	EndGlobalSection
	GlobalSection(ProjectConfigurationPlatforms) = postSolution
		{F529686B-DA1B-41AE-AEBE-D40DF99CF9EB}.Debug|Any CPU.ActiveCfg = Debug|Any CPU
		{F529686B-DA1B-41AE-AEBE-D40DF99CF9EB}.Debug|Any CPU.Build.0 = Debug|Any CPU
		{F529686B-DA1B-41AE-AEBE-D40DF99CF9EB}.Release|Any CPU.ActiveCfg = Release|Any CPU
		{F529686B-DA1B-41AE-AEBE-D40DF99CF9EB}.Release|Any CPU.Build.0 = Release|Any CPU
	EndGlobalSection
	GlobalSection(SolutionProperties) = preSolution
		HideSolutionNode = FALSE
	EndGlobalSection
	GlobalSection(ExtensibilityGlobals) = postSolution
		SolutionGuid = {61F8D7AC-5138-43C6-915C-9AEF413BC996}
	EndGlobalSection
EndGlobal
